
Microsoft Visual Studio Solution File, Format Version 12.00
# Visual Studio Version 16
VisualStudioVersion = 16.0.808.10
MinimumVisualStudioVersion = 10.0.40219.1
Project("{9A19103F-16F7-4668-BE54-9A1E7A4F7556}") = "AzureB2CUserFunction", "AzureB2CUserFunction\AzureB2CUserFunction.csproj", "{1D357EA7-97E4-42F1-8691-0F122E4CEE70}"
EndProject
Global
	GlobalSection(SolutionConfigurationPlatforms) = preSolution
		Debug|Any CPU = Debug|Any CPU
		Release|Any CPU = Release|Any CPU
	EndGlobalSection
	GlobalSection(ProjectConfigurationPlatforms) = postSolution
		{1D357EA7-97E4-42F1-8691-0F122E4CEE70}.Debug|Any CPU.ActiveCfg = Debug|Any CPU
		{1D357EA7-97E4-42F1-8691-0F122E4CEE70}.Debug|Any CPU.Build.0 = Debug|Any CPU
		{1D357EA7-97E4-42F1-8691-0F122E4CEE70}.Release|Any CPU.ActiveCfg = Release|Any CPU
		{1D357EA7-97E4-42F1-8691-0F122E4CEE70}.Release|Any CPU.Build.0 = Release|Any CPU
	EndGlobalSection
	GlobalSection(SolutionProperties) = preSolution
		HideSolutionNode = FALSE
	EndGlobalSection
	GlobalSection(ExtensibilityGlobals) = postSolution
		SolutionGuid = {21483316-77FA-4967-BE9A-B4DC4CF619BB}
	EndGlobalSection
EndGlobal
